{
    "_meta": {
        "hash": {
            "sha256": "760d360b0d8c2f9e003eaa5fc66ed5fdc90162bf12e4962c437f2575480b6880"
        },
        "pipfile-spec": 6,
        "requires": {
            "python_version": "3.7"
        },
        "sources": [
            {
                "name": "pypi",
                "url": "https://pypi.org/simple",
                "verify_ssl": true
            }
        ]
    },
    "default": {
        "paho-mqtt": {
            "hashes": [
                "sha256:5ee25f4a4986779ed9e4c4ab04c2ecd3597406dd5d7bba72f912bf54907b6da8",
                "sha256:e440a052b46d222e184be3be38676378722072fcd4dfd2c8f509fb861a7b0b79"
            ],
            "index": "pypi",
            "version": "==1.4.0"
        }
    },
    "develop": {}
}
